// !$*UTF8*$!
{
	archiveVersion = 1;
	classes = {
	};
	objectVersion = 50;
	objects = {

/* Begin PBXBuildFile section */
		8438A8FD21B12F1B00E455B7 /* README.md in Resources */ = {isa = PBXBuildFile; fileRef = 8438A8FC21B12F1B00E455B7 /* README.md */; };
		8442CAC3219C082C006F8A30 /* AppDelegate.swift in Sources */ = {isa = PBXBuildFile; fileRef = 8442CAC2219C082C006F8A30 /* AppDelegate.swift */; };
		8442CAC5219C082C006F8A30 /* AdsCollectionViewController.swift in Sources */ = {isa = PBXBuildFile; fileRef = 8442CAC4219C082C006F8A30 /* AdsCollectionViewController.swift */; };
		8442CACA219C082D006F8A30 /* Assets.xcassets in Resources */ = {isa = PBXBuildFile; fileRef = 8442CAC9219C082D006F8A30 /* Assets.xcassets */; };
		8442CACD219C082D006F8A30 /* LaunchScreen.storyboard in Resources */ = {isa = PBXBuildFile; fileRef = 8442CACB219C082D006F8A30 /* LaunchScreen.storyboard */; };
		8442CAD8219C082D006F8A30 /* canteraTests.swift in Sources */ = {isa = PBXBuildFile; fileRef = 8442CAD7219C082D006F8A30 /* canteraTests.swift */; };
		8442CAE3219C082D006F8A30 /* canteraUITests.swift in Sources */ = {isa = PBXBuildFile; fileRef = 8442CAE2219C082D006F8A30 /* canteraUITests.swift */; };
		848933E0219CC1A2003728F3 /* String.swift in Sources */ = {isa = PBXBuildFile; fileRef = 848933DF219CC1A2003728F3 /* String.swift */; };
		848933E3219CC51E003728F3 /* String.swift in Sources */ = {isa = PBXBuildFile; fileRef = 848933DF219CC1A2003728F3 /* String.swift */; };
		848933E4219CC520003728F3 /* String.swift in Sources */ = {isa = PBXBuildFile; fileRef = 848933DF219CC1A2003728F3 /* String.swift */; };
		848933E7219CDB1B003728F3 /* StorageHandler.swift in Sources */ = {isa = PBXBuildFile; fileRef = 848933E6219CDB1B003728F3 /* StorageHandler.swift */; };
		848933E8219CE05F003728F3 /* StorageHandler.swift in Sources */ = {isa = PBXBuildFile; fileRef = 848933E6219CDB1B003728F3 /* StorageHandler.swift */; };
		848933E9219CE061003728F3 /* StorageHandler.swift in Sources */ = {isa = PBXBuildFile; fileRef = 848933E6219CDB1B003728F3 /* StorageHandler.swift */; };
		84A18E00219C0FE400403C42 /* AdResponse.swift in Sources */ = {isa = PBXBuildFile; fileRef = 84A18DFF219C0FE400403C42 /* AdResponse.swift */; };
		84A18E01219C0FE400403C42 /* AdResponse.swift in Sources */ = {isa = PBXBuildFile; fileRef = 84A18DFF219C0FE400403C42 /* AdResponse.swift */; };
		84A18E02219C0FE400403C42 /* AdResponse.swift in Sources */ = {isa = PBXBuildFile; fileRef = 84A18DFF219C0FE400403C42 /* AdResponse.swift */; };
		84A18E04219C10EE00403C42 /* PriceResponse.swift in Sources */ = {isa = PBXBuildFile; fileRef = 84A18E03219C10EE00403C42 /* PriceResponse.swift */; };
		84A18E05219C10EE00403C42 /* PriceResponse.swift in Sources */ = {isa = PBXBuildFile; fileRef = 84A18E03219C10EE00403C42 /* PriceResponse.swift */; };
		84A18E06219C10EE00403C42 /* PriceResponse.swift in Sources */ = {isa = PBXBuildFile; fileRef = 84A18E03219C10EE00403C42 /* PriceResponse.swift */; };
		84A18E08219C124500403C42 /* ImageResponse.swift in Sources */ = {isa = PBXBuildFile; fileRef = 84A18E07219C124500403C42 /* ImageResponse.swift */; };
		84A18E09219C124500403C42 /* ImageResponse.swift in Sources */ = {isa = PBXBuildFile; fileRef = 84A18E07219C124500403C42 /* ImageResponse.swift */; };
		84A18E0A219C124500403C42 /* ImageResponse.swift in Sources */ = {isa = PBXBuildFile; fileRef = 84A18E07219C124500403C42 /* ImageResponse.swift */; };
		84DDD340219C30AB00CDC4F0 /* AdViewCollectionViewCell.swift in Sources */ = {isa = PBXBuildFile; fileRef = 84DDD33F219C30AB00CDC4F0 /* AdViewCollectionViewCell.swift */; };
		84DDD341219C33F600CDC4F0 /* AdViewCollectionViewCell.swift in Sources */ = {isa = PBXBuildFile; fileRef = 84DDD33F219C30AB00CDC4F0 /* AdViewCollectionViewCell.swift */; };
		84DDD342219C33FB00CDC4F0 /* AdViewCollectionViewCell.swift in Sources */ = {isa = PBXBuildFile; fileRef = 84DDD33F219C30AB00CDC4F0 /* AdViewCollectionViewCell.swift */; };
		84DDD345219C47EF00CDC4F0 /* Colors.swift in Sources */ = {isa = PBXBuildFile; fileRef = 84DDD344219C47EF00CDC4F0 /* Colors.swift */; };
		84DDD346219C6B9B00CDC4F0 /* Colors.swift in Sources */ = {isa = PBXBuildFile; fileRef = 84DDD344219C47EF00CDC4F0 /* Colors.swift */; };
		84DDD347219C6B9D00CDC4F0 /* Colors.swift in Sources */ = {isa = PBXBuildFile; fileRef = 84DDD344219C47EF00CDC4F0 /* Colors.swift */; };
		84DDD34B219C913E00CDC4F0 /* AdObject.swift in Sources */ = {isa = PBXBuildFile; fileRef = 84DDD34A219C913E00CDC4F0 /* AdObject.swift */; };
		84DDD34C219C935400CDC4F0 /* AdObject.swift in Sources */ = {isa = PBXBuildFile; fileRef = 84DDD34A219C913E00CDC4F0 /* AdObject.swift */; };
		84DDD34D219C935700CDC4F0 /* AdObject.swift in Sources */ = {isa = PBXBuildFile; fileRef = 84DDD34A219C913E00CDC4F0 /* AdObject.swift */; };
		84E3042E21AAD85F00C63441 /* DebugHandler.swift in Sources */ = {isa = PBXBuildFile; fileRef = 84E3042D21AAD85F00C63441 /* DebugHandler.swift */; };
		84E3042F21AAD93800C63441 /* DebugHandler.swift in Sources */ = {isa = PBXBuildFile; fileRef = 84E3042D21AAD85F00C63441 /* DebugHandler.swift */; };
		84E3043021AAD93E00C63441 /* DebugHandler.swift in Sources */ = {isa = PBXBuildFile; fileRef = 84E3042D21AAD85F00C63441 /* DebugHandler.swift */; };
		84E68550219C18500004A2FA /* RequestHandler.swift in Sources */ = {isa = PBXBuildFile; fileRef = 84E6854F219C18500004A2FA /* RequestHandler.swift */; };
		84E68551219C1AEF0004A2FA /* RequestHandler.swift in Sources */ = {isa = PBXBuildFile; fileRef = 84E6854F219C18500004A2FA /* RequestHandler.swift */; };
		84E68554219C1D020004A2FA /* AdsCollectionViewController.swift in Sources */ = {isa = PBXBuildFile; fileRef = 8442CAC4219C082C006F8A30 /* AdsCollectionViewController.swift */; };
		84E68556219C1D020004A2FA /* AppDelegate.swift in Sources */ = {isa = PBXBuildFile; fileRef = 8442CAC2219C082C006F8A30 /* AppDelegate.swift */; };
		84E68557219C1D020004A2FA /* canteraTests.swift in Sources */ = {isa = PBXBuildFile; fileRef = 8442CAD7219C082D006F8A30 /* canteraTests.swift */; };
		84E68558219C1D0A0004A2FA /* RequestHandler.swift in Sources */ = {isa = PBXBuildFile; fileRef = 84E6854F219C18500004A2FA /* RequestHandler.swift */; };
		84E68559219C1D0A0004A2FA /* AdsCollectionViewController.swift in Sources */ = {isa = PBXBuildFile; fileRef = 8442CAC4219C082C006F8A30 /* AdsCollectionViewController.swift */; };
		84E6855B219C1D0A0004A2FA /* AppDelegate.swift in Sources */ = {isa = PBXBuildFile; fileRef = 8442CAC2219C082C006F8A30 /* AppDelegate.swift */; };
		84E6855C219C1D0A0004A2FA /* canteraUITests.swift in Sources */ = {isa = PBXBuildFile; fileRef = 8442CAE2219C082D006F8A30 /* canteraUITests.swift */; };
		84E6855E219C22590004A2FA /* AdsResponse.swift in Sources */ = {isa = PBXBuildFile; fileRef = 84E6855D219C22590004A2FA /* AdsResponse.swift */; };
		84E6855F219C225C0004A2FA /* AdsResponse.swift in Sources */ = {isa = PBXBuildFile; fileRef = 84E6855D219C22590004A2FA /* AdsResponse.swift */; };
		84E68560219C225C0004A2FA /* AdsResponse.swift in Sources */ = {isa = PBXBuildFile; fileRef = 84E6855D219C22590004A2FA /* AdsResponse.swift */; };
		84EBC80421A594CB00D93392 /* LoadingIndicatorView.swift in Sources */ = {isa = PBXBuildFile; fileRef = 84EBC80321A594CB00D93392 /* LoadingIndicatorView.swift */; };
		84EBC80521A5956300D93392 /* LoadingIndicatorView.swift in Sources */ = {isa = PBXBuildFile; fileRef = 84EBC80321A594CB00D93392 /* LoadingIndicatorView.swift */; };
		84EBC80621A5956600D93392 /* LoadingIndicatorView.swift in Sources */ = {isa = PBXBuildFile; fileRef = 84EBC80321A594CB00D93392 /* LoadingIndicatorView.swift */; };
		84EBC80821A5BF6200D93392 /* AdType.swift in Sources */ = {isa = PBXBuildFile; fileRef = 84EBC80721A5BF6200D93392 /* AdType.swift */; };
		84EBC80921A5BF8900D93392 /* AdType.swift in Sources */ = {isa = PBXBuildFile; fileRef = 84EBC80721A5BF6200D93392 /* AdType.swift */; };
		84EBC80A21A5BF8C00D93392 /* AdType.swift in Sources */ = {isa = PBXBuildFile; fileRef = 84EBC80721A5BF6200D93392 /* AdType.swift */; };
		84EBC80C21A5D9A300D93392 /* EmptyCollectionView.swift in Sources */ = {isa = PBXBuildFile; fileRef = 84EBC80B21A5D9A300D93392 /* EmptyCollectionView.swift */; };
		84EBC80D21A5DA6100D93392 /* EmptyCollectionView.swift in Sources */ = {isa = PBXBuildFile; fileRef = 84EBC80B21A5D9A300D93392 /* EmptyCollectionView.swift */; };
		84EBC80E21A5DA6300D93392 /* EmptyCollectionView.swift in Sources */ = {isa = PBXBuildFile; fileRef = 84EBC80B21A5D9A300D93392 /* EmptyCollectionView.swift */; };
		84FE79BB21A885EA0045D275 /* FavoriteButton.swift in Sources */ = {isa = PBXBuildFile; fileRef = 84FE79BA21A885EA0045D275 /* FavoriteButton.swift */; };
		84FE79BC21A887020045D275 /* FavoriteButton.swift in Sources */ = {isa = PBXBuildFile; fileRef = 84FE79BA21A885EA0045D275 /* FavoriteButton.swift */; };
		84FE79BD21A887050045D275 /* FavoriteButton.swift in Sources */ = {isa = PBXBuildFile; fileRef = 84FE79BA21A885EA0045D275 /* FavoriteButton.swift */; };
/* End PBXBuildFile section */

/* Begin PBXContainerItemProxy section */
		8442CAD4219C082D006F8A30 /* PBXContainerItemProxy */ = {
			isa = PBXContainerItemProxy;
			containerPortal = 8442CAB7219C082C006F8A30 /* Project object */;
			proxyType = 1;
			remoteGlobalIDString = 8442CABE219C082C006F8A30;
			remoteInfo = cantera;
		};
		8442CADF219C082D006F8A30 /* PBXContainerItemProxy */ = {
			isa = PBXContainerItemProxy;
			containerPortal = 8442CAB7219C082C006F8A30 /* Project object */;
			proxyType = 1;
			remoteGlobalIDString = 8442CABE219C082C006F8A30;
			remoteInfo = cantera;
		};
/* End PBXContainerItemProxy section */

/* Begin PBXFileReference section */
		8438A8FC21B12F1B00E455B7 /* README.md */ = {isa = PBXFileReference; fileEncoding = 4; lastKnownFileType = net.daringfireball.markdown; path = README.md; sourceTree = "<group>"; };
		8442CABF219C082C006F8A30 /* cantera.app */ = {isa = PBXFileReference; explicitFileType = wrapper.application; includeInIndex = 0; path = cantera.app; sourceTree = BUILT_PRODUCTS_DIR; };
		8442CAC2219C082C006F8A30 /* AppDelegate.swift */ = {isa = PBXFileReference; lastKnownFileType = sourcecode.swift; path = AppDelegate.swift; sourceTree = "<group>"; };
		8442CAC4219C082C006F8A30 /* AdsCollectionViewController.swift */ = {isa = PBXFileReference; lastKnownFileType = sourcecode.swift; path = AdsCollectionViewController.swift; sourceTree = "<group>"; };
		8442CAC9219C082D006F8A30 /* Assets.xcassets */ = {isa = PBXFileReference; lastKnownFileType = folder.assetcatalog; path = Assets.xcassets; sourceTree = "<group>"; };
		8442CACC219C082D006F8A30 /* Base */ = {isa = PBXFileReference; lastKnownFileType = file.storyboard; name = Base; path = Base.lproj/LaunchScreen.storyboard; sourceTree = "<group>"; };
		8442CACE219C082D006F8A30 /* Info.plist */ = {isa = PBXFileReference; lastKnownFileType = text.plist.xml; path = Info.plist; sourceTree = "<group>"; };
		8442CAD3219C082D006F8A30 /* canteraTests.xctest */ = {isa = PBXFileReference; explicitFileType = wrapper.cfbundle; includeInIndex = 0; path = canteraTests.xctest; sourceTree = BUILT_PRODUCTS_DIR; };
		8442CAD7219C082D006F8A30 /* canteraTests.swift */ = {isa = PBXFileReference; lastKnownFileType = sourcecode.swift; path = canteraTests.swift; sourceTree = "<group>"; };
		8442CAD9219C082D006F8A30 /* Info.plist */ = {isa = PBXFileReference; lastKnownFileType = text.plist.xml; path = Info.plist; sourceTree = "<group>"; };
		8442CADE219C082D006F8A30 /* canteraUITests.xctest */ = {isa = PBXFileReference; explicitFileType = wrapper.cfbundle; includeInIndex = 0; path = canteraUITests.xctest; sourceTree = BUILT_PRODUCTS_DIR; };
		8442CAE2219C082D006F8A30 /* canteraUITests.swift */ = {isa = PBXFileReference; lastKnownFileType = sourcecode.swift; path = canteraUITests.swift; sourceTree = "<group>"; };
		8442CAE4219C082D006F8A30 /* Info.plist */ = {isa = PBXFileReference; lastKnownFileType = text.plist.xml; path = Info.plist; sourceTree = "<group>"; };
		848933DF219CC1A2003728F3 /* String.swift */ = {isa = PBXFileReference; lastKnownFileType = sourcecode.swift; path = String.swift; sourceTree = "<group>"; };
		848933E6219CDB1B003728F3 /* StorageHandler.swift */ = {isa = PBXFileReference; lastKnownFileType = sourcecode.swift; path = StorageHandler.swift; sourceTree = "<group>"; };
		84A18DFF219C0FE400403C42 /* AdResponse.swift */ = {isa = PBXFileReference; lastKnownFileType = sourcecode.swift; path = AdResponse.swift; sourceTree = "<group>"; };
		84A18E03219C10EE00403C42 /* PriceResponse.swift */ = {isa = PBXFileReference; lastKnownFileType = sourcecode.swift; path = PriceResponse.swift; sourceTree = "<group>"; };
		84A18E07219C124500403C42 /* ImageResponse.swift */ = {isa = PBXFileReference; lastKnownFileType = sourcecode.swift; path = ImageResponse.swift; sourceTree = "<group>"; };
		84DDD33F219C30AB00CDC4F0 /* AdViewCollectionViewCell.swift */ = {isa = PBXFileReference; lastKnownFileType = sourcecode.swift; path = AdViewCollectionViewCell.swift; sourceTree = "<group>"; };
		84DDD344219C47EF00CDC4F0 /* Colors.swift */ = {isa = PBXFileReference; lastKnownFileType = sourcecode.swift; path = Colors.swift; sourceTree = "<group>"; };
		84DDD34A219C913E00CDC4F0 /* AdObject.swift */ = {isa = PBXFileReference; lastKnownFileType = sourcecode.swift; path = AdObject.swift; sourceTree = "<group>"; };
		84E3042D21AAD85F00C63441 /* DebugHandler.swift */ = {isa = PBXFileReference; lastKnownFileType = sourcecode.swift; path = DebugHandler.swift; sourceTree = "<group>"; };
		84E6854F219C18500004A2FA /* RequestHandler.swift */ = {isa = PBXFileReference; lastKnownFileType = sourcecode.swift; path = RequestHandler.swift; sourceTree = "<group>"; };
		84E6855D219C22590004A2FA /* AdsResponse.swift */ = {isa = PBXFileReference; lastKnownFileType = sourcecode.swift; path = AdsResponse.swift; sourceTree = "<group>"; };
		84EBC80321A594CB00D93392 /* LoadingIndicatorView.swift */ = {isa = PBXFileReference; lastKnownFileType = sourcecode.swift; path = LoadingIndicatorView.swift; sourceTree = "<group>"; };
		84EBC80721A5BF6200D93392 /* AdType.swift */ = {isa = PBXFileReference; lastKnownFileType = sourcecode.swift; path = AdType.swift; sourceTree = "<group>"; };
		84EBC80B21A5D9A300D93392 /* EmptyCollectionView.swift */ = {isa = PBXFileReference; lastKnownFileType = sourcecode.swift; path = EmptyCollectionView.swift; sourceTree = "<group>"; };
		84FE79BA21A885EA0045D275 /* FavoriteButton.swift */ = {isa = PBXFileReference; lastKnownFileType = sourcecode.swift; path = FavoriteButton.swift; sourceTree = "<group>"; };
/* End PBXFileReference section */

/* Begin PBXFrameworksBuildPhase section */
		8442CABC219C082C006F8A30 /* Frameworks */ = {
			isa = PBXFrameworksBuildPhase;
			buildActionMask = 2147483647;
			files = (
			);
			runOnlyForDeploymentPostprocessing = 0;
		};
		8442CAD0219C082D006F8A30 /* Frameworks */ = {
			isa = PBXFrameworksBuildPhase;
			buildActionMask = 2147483647;
			files = (
			);
			runOnlyForDeploymentPostprocessing = 0;
		};
		8442CADB219C082D006F8A30 /* Frameworks */ = {
			isa = PBXFrameworksBuildPhase;
			buildActionMask = 2147483647;
			files = (
			);
			runOnlyForDeploymentPostprocessing = 0;
		};
/* End PBXFrameworksBuildPhase section */

/* Begin PBXGroup section */
		8442CAB6219C082C006F8A30 = {
			isa = PBXGroup;
			children = (
				8438A8FC21B12F1B00E455B7 /* README.md */,
				8442CAC1219C082C006F8A30 /* cantera */,
				8442CAD6219C082D006F8A30 /* canteraTests */,
				8442CAE1219C082D006F8A30 /* canteraUITests */,
				8442CAC0219C082C006F8A30 /* Products */,
			);
			sourceTree = "<group>";
		};
		8442CAC0219C082C006F8A30 /* Products */ = {
			isa = PBXGroup;
			children = (
				8442CABF219C082C006F8A30 /* cantera.app */,
				8442CAD3219C082D006F8A30 /* canteraTests.xctest */,
				8442CADE219C082D006F8A30 /* canteraUITests.xctest */,
			);
			name = Products;
			sourceTree = "<group>";
		};
		8442CAC1219C082C006F8A30 /* cantera */ = {
			isa = PBXGroup;
			children = (
				84DDD343219C47DB00CDC4F0 /* Extensions */,
				84E6854C219C15E40004A2FA /* Handlers */,
				84A18DFE219C0B5400403C42 /* Controller */,
				84A18DFD219C0B5000403C42 /* View */,
				84A18DFC219C0B4A00403C42 /* Model */,
				8442CAC2219C082C006F8A30 /* AppDelegate.swift */,
				8442CAC9219C082D006F8A30 /* Assets.xcassets */,
				8442CACB219C082D006F8A30 /* LaunchScreen.storyboard */,
				8442CACE219C082D006F8A30 /* Info.plist */,
			);
			path = cantera;
			sourceTree = "<group>";
		};
		8442CAD6219C082D006F8A30 /* canteraTests */ = {
			isa = PBXGroup;
			children = (
				8442CAD7219C082D006F8A30 /* canteraTests.swift */,
				8442CAD9219C082D006F8A30 /* Info.plist */,
			);
			path = canteraTests;
			sourceTree = "<group>";
		};
		8442CAE1219C082D006F8A30 /* canteraUITests */ = {
			isa = PBXGroup;
			children = (
				8442CAE2219C082D006F8A30 /* canteraUITests.swift */,
				8442CAE4219C082D006F8A30 /* Info.plist */,
			);
			path = canteraUITests;
			sourceTree = "<group>";
		};
		84A18DFC219C0B4A00403C42 /* Model */ = {
			isa = PBXGroup;
			children = (
				84EBC80721A5BF6200D93392 /* AdType.swift */,
				84DDD349219C90ED00CDC4F0 /* UI */,
				84DDD348219C90C200CDC4F0 /* Response */,
			);
			path = Model;
			sourceTree = "<group>";
		};
		84A18DFD219C0B5000403C42 /* View */ = {
			isa = PBXGroup;
			children = (
				84DDD33F219C30AB00CDC4F0 /* AdViewCollectionViewCell.swift */,
				84EBC80321A594CB00D93392 /* LoadingIndicatorView.swift */,
				84EBC80B21A5D9A300D93392 /* EmptyCollectionView.swift */,
				84FE79BA21A885EA0045D275 /* FavoriteButton.swift */,
			);
			path = View;
			sourceTree = "<group>";
		};
		84A18DFE219C0B5400403C42 /* Controller */ = {
			isa = PBXGroup;
			children = (
				8442CAC4219C082C006F8A30 /* AdsCollectionViewController.swift */,
			);
			path = Controller;
			sourceTree = "<group>";
		};
		84DDD343219C47DB00CDC4F0 /* Extensions */ = {
			isa = PBXGroup;
			children = (
				84DDD344219C47EF00CDC4F0 /* Colors.swift */,
				848933DF219CC1A2003728F3 /* String.swift */,
			);
			path = Extensions;
			sourceTree = "<group>";
		};
		84DDD348219C90C200CDC4F0 /* Response */ = {
			isa = PBXGroup;
			children = (
				84E6855D219C22590004A2FA /* AdsResponse.swift */,
				84A18E03219C10EE00403C42 /* PriceResponse.swift */,
				84A18DFF219C0FE400403C42 /* AdResponse.swift */,
				84A18E07219C124500403C42 /* ImageResponse.swift */,
			);
			path = Response;
			sourceTree = "<group>";
		};
		84DDD349219C90ED00CDC4F0 /* UI */ = {
			isa = PBXGroup;
			children = (
				84DDD34A219C913E00CDC4F0 /* AdObject.swift */,
			);
			path = UI;
			sourceTree = "<group>";
		};
		84E6854C219C15E40004A2FA /* Handlers */ = {
			isa = PBXGroup;
			children = (
				848933E6219CDB1B003728F3 /* StorageHandler.swift */,
				84E6854F219C18500004A2FA /* RequestHandler.swift */,
				84E3042D21AAD85F00C63441 /* DebugHandler.swift */,
			);
			path = Handlers;
			sourceTree = "<group>";
		};
/* End PBXGroup section */

/* Begin PBXNativeTarget section */
		8442CABE219C082C006F8A30 /* cantera */ = {
			isa = PBXNativeTarget;
			buildConfigurationList = 8442CAE7219C082D006F8A30 /* Build configuration list for PBXNativeTarget "cantera" */;
			buildPhases = (
				8442CABB219C082C006F8A30 /* Sources */,
				8442CABC219C082C006F8A30 /* Frameworks */,
				8442CABD219C082C006F8A30 /* Resources */,
				84A18DFB219C098300403C42 /* Swiftlint */,
			);
			buildRules = (
			);
			dependencies = (
			);
			name = cantera;
			productName = cantera;
			productReference = 8442CABF219C082C006F8A30 /* cantera.app */;
			productType = "com.apple.product-type.application";
		};
		8442CAD2219C082D006F8A30 /* canteraTests */ = {
			isa = PBXNativeTarget;
			buildConfigurationList = 8442CAEA219C082D006F8A30 /* Build configuration list for PBXNativeTarget "canteraTests" */;
			buildPhases = (
				8442CACF219C082D006F8A30 /* Sources */,
				8442CAD0219C082D006F8A30 /* Frameworks */,
				8442CAD1219C082D006F8A30 /* Resources */,
			);
			buildRules = (
			);
			dependencies = (
				8442CAD5219C082D006F8A30 /* PBXTargetDependency */,
			);
			name = canteraTests;
			productName = canteraTests;
			productReference = 8442CAD3219C082D006F8A30 /* canteraTests.xctest */;
			productType = "com.apple.product-type.bundle.unit-test";
		};
		8442CADD219C082D006F8A30 /* canteraUITests */ = {
			isa = PBXNativeTarget;
			buildConfigurationList = 8442CAED219C082D006F8A30 /* Build configuration list for PBXNativeTarget "canteraUITests" */;
			buildPhases = (
				8442CADA219C082D006F8A30 /* Sources */,
				8442CADB219C082D006F8A30 /* Frameworks */,
				8442CADC219C082D006F8A30 /* Resources */,
			);
			buildRules = (
			);
			dependencies = (
				8442CAE0219C082D006F8A30 /* PBXTargetDependency */,
			);
			name = canteraUITests;
			productName = canteraUITests;
			productReference = 8442CADE219C082D006F8A30 /* canteraUITests.xctest */;
			productType = "com.apple.product-type.bundle.ui-testing";
		};
/* End PBXNativeTarget section */

/* Begin PBXProject section */
		8442CAB7219C082C006F8A30 /* Project object */ = {
			isa = PBXProject;
			attributes = {
				LastSwiftUpdateCheck = 1010;
				LastUpgradeCheck = 1010;
				ORGANIZATIONNAME = "Alexander Alemayhu";
				TargetAttributes = {
					8442CABE219C082C006F8A30 = {
						CreatedOnToolsVersion = 10.1;
					};
					8442CAD2219C082D006F8A30 = {
						CreatedOnToolsVersion = 10.1;
						TestTargetID = 8442CABE219C082C006F8A30;
					};
					8442CADD219C082D006F8A30 = {
						CreatedOnToolsVersion = 10.1;
						TestTargetID = 8442CABE219C082C006F8A30;
					};
				};
			};
			buildConfigurationList = 8442CABA219C082C006F8A30 /* Build configuration list for PBXProject "cantera" */;
			compatibilityVersion = "Xcode 9.3";
			developmentRegion = en;
			hasScannedForEncodings = 0;
			knownRegions = (
				en,
				Base,
			);
			mainGroup = 8442CAB6219C082C006F8A30;
			productRefGroup = 8442CAC0219C082C006F8A30 /* Products */;
			projectDirPath = "";
			projectRoot = "";
			targets = (
				8442CABE219C082C006F8A30 /* cantera */,
				8442CAD2219C082D006F8A30 /* canteraTests */,
				8442CADD219C082D006F8A30 /* canteraUITests */,
			);
		};
/* End PBXProject section */

/* Begin PBXResourcesBuildPhase section */
		8442CABD219C082C006F8A30 /* Resources */ = {
			isa = PBXResourcesBuildPhase;
			buildActionMask = 2147483647;
			files = (
				8438A8FD21B12F1B00E455B7 /* README.md in Resources */,
				8442CACD219C082D006F8A30 /* LaunchScreen.storyboard in Resources */,
				8442CACA219C082D006F8A30 /* Assets.xcassets in Resources */,
			);
			runOnlyForDeploymentPostprocessing = 0;
		};
		8442CAD1219C082D006F8A30 /* Resources */ = {
			isa = PBXResourcesBuildPhase;
			buildActionMask = 2147483647;
			files = (
			);
			runOnlyForDeploymentPostprocessing = 0;
		};
		8442CADC219C082D006F8A30 /* Resources */ = {
			isa = PBXResourcesBuildPhase;
			buildActionMask = 2147483647;
			files = (
			);
			runOnlyForDeploymentPostprocessing = 0;
		};
/* End PBXResourcesBuildPhase section */

/* Begin PBXShellScriptBuildPhase section */
		84A18DFB219C098300403C42 /* Swiftlint */ = {
			isa = PBXShellScriptBuildPhase;
			buildActionMask = 2147483647;
			files = (
			);
			inputFileListPaths = (
			);
			inputPaths = (
			);
			name = Swiftlint;
			outputFileListPaths = (
			);
			outputPaths = (
			);
			runOnlyForDeploymentPostprocessing = 0;
			shellPath = /bin/sh;
			shellScript = "if which swiftlint >/dev/null; then\nswiftlint\nelse\necho \"warning: SwiftLint not installed, download from https://github.com/realm/SwiftLint\"\nfi\n";
		};
/* End PBXShellScriptBuildPhase section */

/* Begin PBXSourcesBuildPhase section */
		8442CABB219C082C006F8A30 /* Sources */ = {
			isa = PBXSourcesBuildPhase;
			buildActionMask = 2147483647;
			files = (
				84E3042E21AAD85F00C63441 /* DebugHandler.swift in Sources */,
				84EBC80C21A5D9A300D93392 /* EmptyCollectionView.swift in Sources */,
				84E68550219C18500004A2FA /* RequestHandler.swift in Sources */,
				848933E0219CC1A2003728F3 /* String.swift in Sources */,
				84DDD34B219C913E00CDC4F0 /* AdObject.swift in Sources */,
				848933E7219CDB1B003728F3 /* StorageHandler.swift in Sources */,
				84FE79BB21A885EA0045D275 /* FavoriteButton.swift in Sources */,
				84DDD345219C47EF00CDC4F0 /* Colors.swift in Sources */,
				84EBC80821A5BF6200D93392 /* AdType.swift in Sources */,
				8442CAC5219C082C006F8A30 /* AdsCollectionViewController.swift in Sources */,
				84EBC80421A594CB00D93392 /* LoadingIndicatorView.swift in Sources */,
				84A18E04219C10EE00403C42 /* PriceResponse.swift in Sources */,
				84DDD340219C30AB00CDC4F0 /* AdViewCollectionViewCell.swift in Sources */,
				8442CAC3219C082C006F8A30 /* AppDelegate.swift in Sources */,
				84A18E00219C0FE400403C42 /* AdResponse.swift in Sources */,
				84A18E08219C124500403C42 /* ImageResponse.swift in Sources */,
				84E6855E219C22590004A2FA /* AdsResponse.swift in Sources */,
			);
			runOnlyForDeploymentPostprocessing = 0;
		};
		8442CACF219C082D006F8A30 /* Sources */ = {
			isa = PBXSourcesBuildPhase;
			buildActionMask = 2147483647;
			files = (
				84FE79BC21A887020045D275 /* FavoriteButton.swift in Sources */,
				84EBC80E21A5DA6300D93392 /* EmptyCollectionView.swift in Sources */,
				84EBC80A21A5BF8C00D93392 /* AdType.swift in Sources */,
				84EBC80521A5956300D93392 /* LoadingIndicatorView.swift in Sources */,
				848933E8219CE05F003728F3 /* StorageHandler.swift in Sources */,
				84E3042F21AAD93800C63441 /* DebugHandler.swift in Sources */,
				848933E4219CC520003728F3 /* String.swift in Sources */,
				84E68559219C1D0A0004A2FA /* AdsCollectionViewController.swift in Sources */,
				84DDD347219C6B9D00CDC4F0 /* Colors.swift in Sources */,
				84DDD341219C33F600CDC4F0 /* AdViewCollectionViewCell.swift in Sources */,
				84E68558219C1D0A0004A2FA /* RequestHandler.swift in Sources */,
				84E6855B219C1D0A0004A2FA /* AppDelegate.swift in Sources */,
				84DDD34C219C935400CDC4F0 /* AdObject.swift in Sources */,
				84E6855C219C1D0A0004A2FA /* canteraUITests.swift in Sources */,
				84A18E01219C0FE400403C42 /* AdResponse.swift in Sources */,
				84E6855F219C225C0004A2FA /* AdsResponse.swift in Sources */,
				84A18E09219C124500403C42 /* ImageResponse.swift in Sources */,
				8442CAD8219C082D006F8A30 /* canteraTests.swift in Sources */,
				84A18E05219C10EE00403C42 /* PriceResponse.swift in Sources */,
			);
			runOnlyForDeploymentPostprocessing = 0;
		};
		8442CADA219C082D006F8A30 /* Sources */ = {
			isa = PBXSourcesBuildPhase;
			buildActionMask = 2147483647;
			files = (
				84E3043021AAD93E00C63441 /* DebugHandler.swift in Sources */,
				84FE79BD21A887050045D275 /* FavoriteButton.swift in Sources */,
				84EBC80D21A5DA6100D93392 /* EmptyCollectionView.swift in Sources */,
				84EBC80921A5BF8900D93392 /* AdType.swift in Sources */,
				84EBC80621A5956600D93392 /* LoadingIndicatorView.swift in Sources */,
				848933E9219CE061003728F3 /* StorageHandler.swift in Sources */,
				84DDD34D219C935700CDC4F0 /* AdObject.swift in Sources */,
				84DDD342219C33FB00CDC4F0 /* AdViewCollectionViewCell.swift in Sources */,
				84E68556219C1D020004A2FA /* AppDelegate.swift in Sources */,
				84E68554219C1D020004A2FA /* AdsCollectionViewController.swift in Sources */,
				84DDD346219C6B9B00CDC4F0 /* Colors.swift in Sources */,
				848933E3219CC51E003728F3 /* String.swift in Sources */,
				84E68557219C1D020004A2FA /* canteraTests.swift in Sources */,
				84E68551219C1AEF0004A2FA /* RequestHandler.swift in Sources */,
				84E68560219C225C0004A2FA /* AdsResponse.swift in Sources */,
				84A18E02219C0FE400403C42 /* AdResponse.swift in Sources */,
				84A18E0A219C124500403C42 /* ImageResponse.swift in Sources */,
				8442CAE3219C082D006F8A30 /* canteraUITests.swift in Sources */,
				84A18E06219C10EE00403C42 /* PriceResponse.swift in Sources */,
			);
			runOnlyForDeploymentPostprocessing = 0;
		};
/* End PBXSourcesBuildPhase section */

/* Begin PBXTargetDependency section */
		8442CAD5219C082D006F8A30 /* PBXTargetDependency */ = {
			isa = PBXTargetDependency;
			target = 8442CABE219C082C006F8A30 /* cantera */;
			targetProxy = 8442CAD4219C082D006F8A30 /* PBXContainerItemProxy */;
		};
		8442CAE0219C082D006F8A30 /* PBXTargetDependency */ = {
			isa = PBXTargetDependency;
			target = 8442CABE219C082C006F8A30 /* cantera */;
			targetProxy = 8442CADF219C082D006F8A30 /* PBXContainerItemProxy */;
		};
/* End PBXTargetDependency section */

/* Begin PBXVariantGroup section */
		8442CACB219C082D006F8A30 /* LaunchScreen.storyboard */ = {
			isa = PBXVariantGroup;
			children = (
				8442CACC219C082D006F8A30 /* Base */,
			);
			name = LaunchScreen.storyboard;
			sourceTree = "<group>";
		};
/* End PBXVariantGroup section */

/* Begin XCBuildConfiguration section */
		8442CAE5219C082D006F8A30 /* Debug */ = {
			isa = XCBuildConfiguration;
			buildSettings = {
				ALWAYS_SEARCH_USER_PATHS = NO;
				CLANG_ANALYZER_NONNULL = YES;
				CLANG_ANALYZER_NUMBER_OBJECT_CONVERSION = YES_AGGRESSIVE;
				CLANG_CXX_LANGUAGE_STANDARD = "gnu++14";
				CLANG_CXX_LIBRARY = "libc++";
				CLANG_ENABLE_MODULES = YES;
				CLANG_ENABLE_OBJC_ARC = YES;
				CLANG_ENABLE_OBJC_WEAK = YES;
				CLANG_WARN_BLOCK_CAPTURE_AUTORELEASING = YES;
				CLANG_WARN_BOOL_CONVERSION = YES;
				CLANG_WARN_COMMA = YES;
				CLANG_WARN_CONSTANT_CONVERSION = YES;
				CLANG_WARN_DEPRECATED_OBJC_IMPLEMENTATIONS = YES;
				CLANG_WARN_DIRECT_OBJC_ISA_USAGE = YES_ERROR;
				CLANG_WARN_DOCUMENTATION_COMMENTS = YES;
				CLANG_WARN_EMPTY_BODY = YES;
				CLANG_WARN_ENUM_CONVERSION = YES;
				CLANG_WARN_INFINITE_RECURSION = YES;
				CLANG_WARN_INT_CONVERSION = YES;
				CLANG_WARN_NON_LITERAL_NULL_CONVERSION = YES;
				CLANG_WARN_OBJC_IMPLICIT_RETAIN_SELF = YES;
				CLANG_WARN_OBJC_LITERAL_CONVERSION = YES;
				CLANG_WARN_OBJC_ROOT_CLASS = YES_ERROR;
				CLANG_WARN_RANGE_LOOP_ANALYSIS = YES;
				CLANG_WARN_STRICT_PROTOTYPES = YES;
				CLANG_WARN_SUSPICIOUS_MOVE = YES;
				CLANG_WARN_UNGUARDED_AVAILABILITY = YES_AGGRESSIVE;
				CLANG_WARN_UNREACHABLE_CODE = YES;
				CLANG_WARN__DUPLICATE_METHOD_MATCH = YES;
				CODE_SIGN_IDENTITY = "iPhone Developer";
				COPY_PHASE_STRIP = NO;
				DEBUG_INFORMATION_FORMAT = dwarf;
				ENABLE_STRICT_OBJC_MSGSEND = YES;
				ENABLE_TESTABILITY = YES;
				GCC_C_LANGUAGE_STANDARD = gnu11;
				GCC_DYNAMIC_NO_PIC = NO;
				GCC_NO_COMMON_BLOCKS = YES;
				GCC_OPTIMIZATION_LEVEL = 0;
				GCC_PREPROCESSOR_DEFINITIONS = (
					"DEBUG=1",
					"$(inherited)",
				);
				GCC_WARN_64_TO_32_BIT_CONVERSION = YES;
				GCC_WARN_ABOUT_RETURN_TYPE = YES_ERROR;
				GCC_WARN_UNDECLARED_SELECTOR = YES;
				GCC_WARN_UNINITIALIZED_AUTOS = YES_AGGRESSIVE;
				GCC_WARN_UNUSED_FUNCTION = YES;
				GCC_WARN_UNUSED_VARIABLE = YES;
				IPHONEOS_DEPLOYMENT_TARGET = 12.0;
				MTL_ENABLE_DEBUG_INFO = INCLUDE_SOURCE;
				MTL_FAST_MATH = YES;
				ONLY_ACTIVE_ARCH = YES;
				SDKROOT = iphoneos;
				SWIFT_ACTIVE_COMPILATION_CONDITIONS = DEBUG;
				SWIFT_OPTIMIZATION_LEVEL = "-Onone";
			};
			name = Debug;
		};
		8442CAE6219C082D006F8A30 /* Release */ = {
			isa = XCBuildConfiguration;
			buildSettings = {
				ALWAYS_SEARCH_USER_PATHS = NO;
				CLANG_ANALYZER_NONNULL = YES;
				CLANG_ANALYZER_NUMBER_OBJECT_CONVERSION = YES_AGGRESSIVE;
				CLANG_CXX_LANGUAGE_STANDARD = "gnu++14";
				CLANG_CXX_LIBRARY = "libc++";
				CLANG_ENABLE_MODULES = YES;
				CLANG_ENABLE_OBJC_ARC = YES;
				CLANG_ENABLE_OBJC_WEAK = YES;
				CLANG_WARN_BLOCK_CAPTURE_AUTORELEASING = YES;
				CLANG_WARN_BOOL_CONVERSION = YES;
				CLANG_WARN_COMMA = YES;
				CLANG_WARN_CONSTANT_CONVERSION = YES;
				CLANG_WARN_DEPRECATED_OBJC_IMPLEMENTATIONS = YES;
				CLANG_WARN_DIRECT_OBJC_ISA_USAGE = YES_ERROR;
				CLANG_WARN_DOCUMENTATION_COMMENTS = YES;
				CLANG_WARN_EMPTY_BODY = YES;
				CLANG_WARN_ENUM_CONVERSION = YES;
				CLANG_WARN_INFINITE_RECURSION = YES;
				CLANG_WARN_INT_CONVERSION = YES;
				CLANG_WARN_NON_LITERAL_NULL_CONVERSION = YES;
				CLANG_WARN_OBJC_IMPLICIT_RETAIN_SELF = YES;
				CLANG_WARN_OBJC_LITERAL_CONVERSION = YES;
				CLANG_WARN_OBJC_ROOT_CLASS = YES_ERROR;
				CLANG_WARN_RANGE_LOOP_ANALYSIS = YES;
				CLANG_WARN_STRICT_PROTOTYPES = YES;
				CLANG_WARN_SUSPICIOUS_MOVE = YES;
				CLANG_WARN_UNGUARDED_AVAILABILITY = YES_AGGRESSIVE;
				CLANG_WARN_UNREACHABLE_CODE = YES;
				CLANG_WARN__DUPLICATE_METHOD_MATCH = YES;
				CODE_SIGN_IDENTITY = "iPhone Developer";
				COPY_PHASE_STRIP = NO;
				DEBUG_INFORMATION_FORMAT = "dwarf-with-dsym";
				ENABLE_NS_ASSERTIONS = NO;
				ENABLE_STRICT_OBJC_MSGSEND = YES;
				GCC_C_LANGUAGE_STANDARD = gnu11;
				GCC_NO_COMMON_BLOCKS = YES;
				GCC_WARN_64_TO_32_BIT_CONVERSION = YES;
				GCC_WARN_ABOUT_RETURN_TYPE = YES_ERROR;
				GCC_WARN_UNDECLARED_SELECTOR = YES;
				GCC_WARN_UNINITIALIZED_AUTOS = YES_AGGRESSIVE;
				GCC_WARN_UNUSED_FUNCTION = YES;
				GCC_WARN_UNUSED_VARIABLE = YES;
				IPHONEOS_DEPLOYMENT_TARGET = 12.0;
				MTL_ENABLE_DEBUG_INFO = NO;
				MTL_FAST_MATH = YES;
				SDKROOT = iphoneos;
				SWIFT_COMPILATION_MODE = wholemodule;
				SWIFT_OPTIMIZATION_LEVEL = "-O";
				VALIDATE_PRODUCT = YES;
			};
			name = Release;
		};
		8442CAE8219C082D006F8A30 /* Debug */ = {
			isa = XCBuildConfiguration;
			buildSettings = {
				ASSETCATALOG_COMPILER_APPICON_NAME = AppIcon;
				CODE_SIGN_STYLE = Automatic;
				DEVELOPMENT_TEAM = SG85Y32VCK;
				INFOPLIST_FILE = cantera/Info.plist;
				LD_RUNPATH_SEARCH_PATHS = (
					"$(inherited)",
					"@executable_path/Frameworks",
				);
				PRODUCT_BUNDLE_IDENTIFIER = com.alemayhu.cantera;
				PRODUCT_NAME = "$(TARGET_NAME)";
				SWIFT_VERSION = 4.2;
				TARGETED_DEVICE_FAMILY = "1,2";
			};
			name = Debug;
		};
		8442CAE9219C082D006F8A30 /* Release */ = {
			isa = XCBuildConfiguration;
			buildSettings = {
				ASSETCATALOG_COMPILER_APPICON_NAME = AppIcon;
				CODE_SIGN_STYLE = Automatic;
				DEVELOPMENT_TEAM = SG85Y32VCK;
				INFOPLIST_FILE = cantera/Info.plist;
				LD_RUNPATH_SEARCH_PATHS = (
					"$(inherited)",
					"@executable_path/Frameworks",
				);
				PRODUCT_BUNDLE_IDENTIFIER = com.alemayhu.cantera;
				PRODUCT_NAME = "$(TARGET_NAME)";
				SWIFT_VERSION = 4.2;
				TARGETED_DEVICE_FAMILY = "1,2";
			};
			name = Release;
		};
		8442CAEB219C082D006F8A30 /* Debug */ = {
			isa = XCBuildConfiguration;
			buildSettings = {
				ALWAYS_EMBED_SWIFT_STANDARD_LIBRARIES = YES;
				BUNDLE_LOADER = "$(TEST_HOST)";
				CODE_SIGN_STYLE = Automatic;
				INFOPLIST_FILE = canteraTests/Info.plist;
				LD_RUNPATH_SEARCH_PATHS = (
					"$(inherited)",
					"@executable_path/Frameworks",
					"@loader_path/Frameworks",
				);
				PRODUCT_BUNDLE_IDENTIFIER = com.alemayhu.canteraTests;
				PRODUCT_NAME = "$(TARGET_NAME)";
				SWIFT_VERSION = 4.2;
				TARGETED_DEVICE_FAMILY = "1,2";
				TEST_HOST = "$(BUILT_PRODUCTS_DIR)/cantera.app/cantera";
			};
			name = Debug;
		};
		8442CAEC219C082D006F8A30 /* Release */ = {
			isa = XCBuildConfiguration;
			buildSettings = {
				ALWAYS_EMBED_SWIFT_STANDARD_LIBRARIES = YES;
				BUNDLE_LOADER = "$(TEST_HOST)";
				CODE_SIGN_STYLE = Automatic;
				INFOPLIST_FILE = canteraTests/Info.plist;
				LD_RUNPATH_SEARCH_PATHS = (
					"$(inherited)",
					"@executable_path/Frameworks",
					"@loader_path/Frameworks",
				);
				PRODUCT_BUNDLE_IDENTIFIER = com.alemayhu.canteraTests;
				PRODUCT_NAME = "$(TARGET_NAME)";
				SWIFT_VERSION = 4.2;
				TARGETED_DEVICE_FAMILY = "1,2";
				TEST_HOST = "$(BUILT_PRODUCTS_DIR)/cantera.app/cantera";
			};
			name = Release;
		};
		8442CAEE219C082D006F8A30 /* Debug */ = {
			isa = XCBuildConfiguration;
			buildSettings = {
				ALWAYS_EMBED_SWIFT_STANDARD_LIBRARIES = YES;
				CODE_SIGN_STYLE = Automatic;
				INFOPLIST_FILE = canteraUITests/Info.plist;
				LD_RUNPATH_SEARCH_PATHS = (
					"$(inherited)",
					"@executable_path/Frameworks",
					"@loader_path/Frameworks",
				);
				PRODUCT_BUNDLE_IDENTIFIER = com.alemayhu.canteraUITests;
				PRODUCT_NAME = "$(TARGET_NAME)";
				SWIFT_VERSION = 4.2;
				TARGETED_DEVICE_FAMILY = "1,2";
				TEST_TARGET_NAME = cantera;
			};
			name = Debug;
		};
		8442CAEF219C082D006F8A30 /* Release */ = {
			isa = XCBuildConfiguration;
			buildSettings = {
				ALWAYS_EMBED_SWIFT_STANDARD_LIBRARIES = YES;
				CODE_SIGN_STYLE = Automatic;
				INFOPLIST_FILE = canteraUITests/Info.plist;
				LD_RUNPATH_SEARCH_PATHS = (
					"$(inherited)",
					"@executable_path/Frameworks",
					"@loader_path/Frameworks",
				);
				PRODUCT_BUNDLE_IDENTIFIER = com.alemayhu.canteraUITests;
				PRODUCT_NAME = "$(TARGET_NAME)";
				SWIFT_VERSION = 4.2;
				TARGETED_DEVICE_FAMILY = "1,2";
				TEST_TARGET_NAME = cantera;
			};
			name = Release;
		};
/* End XCBuildConfiguration section */

/* Begin XCConfigurationList section */
		8442CABA219C082C006F8A30 /* Build configuration list for PBXProject "cantera" */ = {
			isa = XCConfigurationList;
			buildConfigurations = (
				8442CAE5219C082D006F8A30 /* Debug */,
				8442CAE6219C082D006F8A30 /* Release */,
			);
			defaultConfigurationIsVisible = 0;
			defaultConfigurationName = Release;
		};
		8442CAE7219C082D006F8A30 /* Build configuration list for PBXNativeTarget "cantera" */ = {
			isa = XCConfigurationList;
			buildConfigurations = (
				8442CAE8219C082D006F8A30 /* Debug */,
				8442CAE9219C082D006F8A30 /* Release */,
			);
			defaultConfigurationIsVisible = 0;
			defaultConfigurationName = Release;
		};
		8442CAEA219C082D006F8A30 /* Build configuration list for PBXNativeTarget "canteraTests" */ = {
			isa = XCConfigurationList;
			buildConfigurations = (
				8442CAEB219C082D006F8A30 /* Debug */,
				8442CAEC219C082D006F8A30 /* Release */,
			);
			defaultConfigurationIsVisible = 0;
			defaultConfigurationName = Release;
		};
		8442CAED219C082D006F8A30 /* Build configuration list for PBXNativeTarget "canteraUITests" */ = {
			isa = XCConfigurationList;
			buildConfigurations = (
				8442CAEE219C082D006F8A30 /* Debug */,
				8442CAEF219C082D006F8A30 /* Release */,
			);
			defaultConfigurationIsVisible = 0;
			defaultConfigurationName = Release;
		};
/* End XCConfigurationList section */
	};
	rootObject = 8442CAB7219C082C006F8A30 /* Project object */;
}
